
Microsoft Visual Studio Solution File, Format Version 12.00
# Visual Studio Version 16
VisualStudioVersion = 16.0.30517.126
MinimumVisualStudioVersion = 10.0.40219.1
Project("{9A19103F-16F7-4668-BE54-9A1E7A4F7556}") = "MvcWebsite", "MvcWebsite.csproj", "{43061EC0-C258-46AC-A183-68B7959A15F5}"
EndProject
Global
	GlobalSection(SolutionConfigurationPlatforms) = preSolution
		Debug|Any CPU = Debug|Any CPU
		Release|Any CPU = Release|Any CPU
	EndGlobalSection
	GlobalSection(ProjectConfigurationPlatforms) = postSolution
		{43061EC0-C258-46AC-A183-68B7959A15F5}.Debug|Any CPU.ActiveCfg = Debug|Any CPU
		{43061EC0-C258-46AC-A183-68B7959A15F5}.Debug|Any CPU.Build.0 = Debug|Any CPU
		{43061EC0-C258-46AC-A183-68B7959A15F5}.Release|Any CPU.ActiveCfg = Release|Any CPU
		{43061EC0-C258-46AC-A183-68B7959A15F5}.Release|Any CPU.Build.0 = Release|Any CPU
	EndGlobalSection
	GlobalSection(SolutionProperties) = preSolution
		HideSolutionNode = FALSE
	EndGlobalSection
	GlobalSection(ExtensibilityGlobals) = postSolution
		SolutionGuid = {66745954-CF4F-4C3D-A4D0-9832C521869B}
	EndGlobalSection
EndGlobal
